# This file is generated by running "yarn install" inside your project.
# Manual changes might be lost - proceed with caution!

__metadata:
  version: 8
  cacheKey: 10c0

"@esbuild/aix-ppc64@npm:0.27.1":
  version: 0.27.1
  resolution: "@esbuild/aix-ppc64@npm:0.27.1"
  conditions: os=aix & cpu=ppc64
  languageName: node
  linkType: hard

"@esbuild/android-arm64@npm:0.27.1":
  version: 0.27.1
  resolution: "@esbuild/android-arm64@npm:0.27.1"
  conditions: os=android & cpu=arm64
  languageName: node
  linkType: hard

"@esbuild/android-arm@npm:0.27.1":
  version: 0.27.1
  resolution: "@esbuild/android-arm@npm:0.27.1"
  conditions: os=android & cpu=arm
  languageName: node
  linkType: hard

"@esbuild/android-x64@npm:0.27.1":
  version: 0.27.1
  resolution: "@esbuild/android-x64@npm:0.27.1"
  conditions: os=android & cpu=x64
  languageName: node
  linkType: hard

"@esbuild/darwin-arm64@npm:0.27.1":
  version: 0.27.1
  resolution: "@esbuild/darwin-arm64@npm:0.27.1"
  conditions: os=darwin & cpu=arm64
  languageName: node
  linkType: hard

"@esbuild/darwin-x64@npm:0.27.1":
  version: 0.27.1
  resolution: "@esbuild/darwin-x64@npm:0.27.1"
  conditions: os=darwin & cpu=x64
  languageName: node
  linkType: hard

"@esbuild/freebsd-arm64@npm:0.27.1":
  version: 0.27.1
  resolution: "@esbuild/freebsd-arm64@npm:0.27.1"
  conditions: os=freebsd & cpu=arm64
  languageName: node
  linkType: hard

"@esbuild/freebsd-x64@npm:0.27.1":
  version: 0.27.1
  resolution: "@esbuild/freebsd-x64@npm:0.27.1"
  conditions: os=freebsd & cpu=x64
  languageName: node
  linkType: hard

"@esbuild/linux-arm64@npm:0.27.1":
  version: 0.27.1
  resolution: "@esbuild/linux-arm64@npm:0.27.1"
  conditions: os=linux & cpu=arm64
  languageName: node
  linkType: hard

"@esbuild/linux-arm@npm:0.27.1":
  version: 0.27.1
  resolution: "@esbuild/linux-arm@npm:0.27.1"
  conditions: os=linux & cpu=arm
  languageName: node
  linkType: hard

"@esbuild/linux-ia32@npm:0.27.1":
  version: 0.27.1
  resolution: "@esbuild/linux-ia32@npm:0.27.1"
  conditions: os=linux & cpu=ia32
  languageName: node
  linkType: hard

"@esbuild/linux-loong64@npm:0.27.1":
  version: 0.27.1
  resolution: "@esbuild/linux-loong64@npm:0.27.1"
  conditions: os=linux & cpu=loong64
  languageName: node
  linkType: hard

"@esbuild/linux-mips64el@npm:0.27.1":
  version: 0.27.1
  resolution: "@esbuild/linux-mips64el@npm:0.27.1"
  conditions: os=linux & cpu=mips64el
  languageName: node
  linkType: hard

"@esbuild/linux-ppc64@npm:0.27.1":
  version: 0.27.1
  resolution: "@esbuild/linux-ppc64@npm:0.27.1"
  conditions: os=linux & cpu=ppc64
  languageName: node
  linkType: hard

"@esbuild/linux-riscv64@npm:0.27.1":
  version: 0.27.1
  resolution: "@esbuild/linux-riscv64@npm:0.27.1"
  conditions: os=linux & cpu=riscv64
  languageName: node
  linkType: hard

"@esbuild/linux-s390x@npm:0.27.1":
  version: 0.27.1
  resolution: "@esbuild/linux-s390x@npm:0.27.1"
  conditions: os=linux & cpu=s390x
  languageName: node
  linkType: hard

"@esbuild/linux-x64@npm:0.27.1":
  version: 0.27.1
  resolution: "@esbuild/linux-x64@npm:0.27.1"
  conditions: os=linux & cpu=x64
  languageName: node
  linkType: hard

"@esbuild/netbsd-arm64@npm:0.27.1":
  version: 0.27.1
  resolution: "@esbuild/netbsd-arm64@npm:0.27.1"
  conditions: os=netbsd & cpu=arm64
  languageName: node
  linkType: hard

"@esbuild/netbsd-x64@npm:0.27.1":
  version: 0.27.1
  resolution: "@esbuild/netbsd-x64@npm:0.27.1"
  conditions: os=netbsd & cpu=x64
  languageName: node
  linkType: hard

"@esbuild/openbsd-arm64@npm:0.27.1":
  version: 0.27.1
  resolution: "@esbuild/openbsd-arm64@npm:0.27.1"
  conditions: os=openbsd & cpu=arm64
  languageName: node
  linkType: hard

"@esbuild/openbsd-x64@npm:0.27.1":
  version: 0.27.1
  resolution: "@esbuild/openbsd-x64@npm:0.27.1"
  conditions: os=openbsd & cpu=x64
  languageName: node
  linkType: hard

"@esbuild/openharmony-arm64@npm:0.27.1":
  version: 0.27.1
  resolution: "@esbuild/openharmony-arm64@npm:0.27.1"
  conditions: os=openharmony & cpu=arm64
  languageName: node
  linkType: hard

"@esbuild/sunos-x64@npm:0.27.1":
  version: 0.27.1
  resolution: "@esbuild/sunos-x64@npm:0.27.1"
  conditions: os=sunos & cpu=x64
  languageName: node
  linkType: hard

"@esbuild/win32-arm64@npm:0.27.1":
  version: 0.27.1
  resolution: "@esbuild/win32-arm64@npm:0.27.1"
  conditions: os=win32 & cpu=arm64
  languageName: node
  linkType: hard

"@esbuild/win32-ia32@npm:0.27.1":
  version: 0.27.1
  resolution: "@esbuild/win32-ia32@npm:0.27.1"
  conditions: os=win32 & cpu=ia32
  languageName: node
  linkType: hard

"@esbuild/win32-x64@npm:0.27.1":
  version: 0.27.1
  resolution: "@esbuild/win32-x64@npm:0.27.1"
  conditions: os=win32 & cpu=x64
  languageName: node
  linkType: hard

"@hotwired/stimulus@npm:^3.2.2":
  version: 3.2.2
  resolution: "@hotwired/stimulus@npm:3.2.2"
  checksum: 10c0/3793919e353d28424f57d07e6b634bf6e8821c227acfa2a608aaa8bdfe7e80479acef12705168ca866f3c231399f4a939fb0cd089aaae04c406b3d885a3b35ea
  languageName: node
  linkType: hard

"@hotwired/turbo-rails@npm:^8.0.20":
  version: 8.0.20
  resolution: "@hotwired/turbo-rails@npm:8.0.20"
  dependencies:
    "@hotwired/turbo": "npm:^8.0.20"
    "@rails/actioncable": "npm:>=7.0"
  checksum: 10c0/b443c03ad9d4fdec660f0a52e20cec72c5747a2765a92b089f23aff1e0796b05cc7245d91a569135922fc6737da499e620b7d3935eeeccf4e0fa5160e508ecea
  languageName: node
  linkType: hard

"@hotwired/turbo@npm:^8.0.20":
  version: 8.0.20
  resolution: "@hotwired/turbo@npm:8.0.20"
  checksum: 10c0/bff9a871d2131e4006e3f085fea93906d89bc19cfb6b57f10d8ebe0ff1637632f2f5f69bb0e7a6221b315df1ff2fdf4a833bffdfde03b846b7eba4580cf78d87
  languageName: node
  linkType: hard

"@rails/actioncable@npm:>=7.0":
  version: 8.1.100
  resolution: "@rails/actioncable@npm:8.1.100"
  checksum: 10c0/a9c1f1b62bf3d73408997036f92b9264b33fc6211f7fcfb79d8e2421dc277f80182df835a9525f1f77ed2043da8ea2af345fb428fa0f3fe7b52da12c9600b35d
  languageName: node
  linkType: hard

"@rails/activestorage@npm:^8.1.100":
  version: 8.1.100
  resolution: "@rails/activestorage@npm:8.1.100"
  dependencies:
    spark-md5: "npm:^3.0.1"
  checksum: 10c0/6c9fa3dec8f8c18f829826d9266b134ad26f5f35cfba8c7ec2d2512f967f50cac103bb20a46a1c6f7b60616b13a8de8c93a825c28f10c00777550e6693c1a09f
  languageName: node
  linkType: hard

"autoprefixer@npm:^10.4.22":
  version: 10.4.22
  resolution: "autoprefixer@npm:10.4.22"
  dependencies:
    browserslist: "npm:^4.27.0"
    caniuse-lite: "npm:^1.0.30001754"
    fraction.js: "npm:^5.3.4"
    normalize-range: "npm:^0.1.2"
    picocolors: "npm:^1.1.1"
    postcss-value-parser: "npm:^4.2.0"
  peerDependencies:
    postcss: ^8.1.0
  bin:
    autoprefixer: bin/autoprefixer
  checksum: 10c0/2ae8d135af2deaaa5065a3a466c877787373c0ed766b8a8e8259d7871db79c1a7e1d9f6c9541c54fa95647511d3c2066bb08a30160e58c9bfa75506f9c18f3aa
  languageName: node
  linkType: hard

"baseline-browser-mapping@npm:^2.9.0":
  version: 2.9.2
  resolution: "baseline-browser-mapping@npm:2.9.2"
  bin:
    baseline-browser-mapping: dist/cli.js
  checksum: 10c0/4f9be09e20261ed26f19e9b95454dcb8d8371b87983c57cd9f70b9572e9b3053577f0d8d6d91297bdb605337747680686e22f62522a6e57ae2488fcacf641188
  languageName: node
  linkType: hard

"browserslist@npm:^4.27.0, browserslist@npm:^4.28.1":
  version: 4.28.1
  resolution: "browserslist@npm:4.28.1"
  dependencies:
    baseline-browser-mapping: "npm:^2.9.0"
    caniuse-lite: "npm:^1.0.30001759"
    electron-to-chromium: "npm:^1.5.263"
    node-releases: "npm:^2.0.27"
    update-browserslist-db: "npm:^1.2.0"
  bin:
    browserslist: cli.js
  checksum: 10c0/545a5fa9d7234e3777a7177ec1e9134bb2ba60a69e6b95683f6982b1473aad347c77c1264ccf2ac5dea609a9731fbfbda6b85782bdca70f80f86e28a402504bd
  languageName: node
  linkType: hard

"bugms-rails@workspace:.":
  version: 0.0.0-use.local
  resolution: "bugms-rails@workspace:."
  dependencies:
    "@hotwired/stimulus": "npm:^3.2.2"
    "@hotwired/turbo-rails": "npm:^8.0.20"
    "@rails/activestorage": "npm:^8.1.100"
    autoprefixer: "npm:^10.4.22"
    baseline-browser-mapping: "npm:^2.9.0"
    browserslist: "npm:^4.28.1"
    caniuse-lite: "npm:^1.0.30001759"
    electron-to-chromium: "npm:^1.5.264"
    esbuild: "npm:^0.27.1"
    escalade: "npm:^3.2.0"
    fraction.js: "npm:^5.3.4"
    nanoid: "npm:^3.3.11"
    node-releases: "npm:^2.0.27"
    normalize-range: "npm:^0.1.2"
    picocolors: "npm:^1.1.1"
    postcss: "npm:^8.5.6"
    postcss-value-parser: "npm:^4.2.0"
    source-map-js: "npm:^1.2.1"
    tailwindcss: "npm:^4.1.17"
    update-browserslist-db: "npm:^1.2.2"
  languageName: unknown
  linkType: soft

"caniuse-lite@npm:^1.0.30001754, caniuse-lite@npm:^1.0.30001759":
  version: 1.0.30001759
  resolution: "caniuse-lite@npm:1.0.30001759"
  checksum: 10c0/b0f415960ba34995cda18e0d25c4e602f6917b9179290a76bdd0311423505b78cc93e558a90c98a22a1cc6b1781ab720ef6beea24ec7e29a1c1164ca72eac3a2
  languageName: node
  linkType: hard

"electron-to-chromium@npm:^1.5.263, electron-to-chromium@npm:^1.5.264":
  version: 1.5.266
  resolution: "electron-to-chromium@npm:1.5.266"
  checksum: 10c0/74ada92ada1ace76ec5b7da8a9cc2d7f03db122a64ac8e12ae30eba3e358ffec443c0c5265bc6edcdeebfa73f449b21c361080c064eb1eec437db2d71fc03248
  languageName: node
  linkType: hard

"esbuild@npm:^0.27.1":
  version: 0.27.1
  resolution: "esbuild@npm:0.27.1"
  dependencies:
    "@esbuild/aix-ppc64": "npm:0.27.1"
    "@esbuild/android-arm": "npm:0.27.1"
    "@esbuild/android-arm64": "npm:0.27.1"
    "@esbuild/android-x64": "npm:0.27.1"
    "@esbuild/darwin-arm64": "npm:0.27.1"
    "@esbuild/darwin-x64": "npm:0.27.1"
    "@esbuild/freebsd-arm64": "npm:0.27.1"
    "@esbuild/freebsd-x64": "npm:0.27.1"
    "@esbuild/linux-arm": "npm:0.27.1"
    "@esbuild/linux-arm64": "npm:0.27.1"
    "@esbuild/linux-ia32": "npm:0.27.1"
    "@esbuild/linux-loong64": "npm:0.27.1"
    "@esbuild/linux-mips64el": "npm:0.27.1"
    "@esbuild/linux-ppc64": "npm:0.27.1"
    "@esbuild/linux-riscv64": "npm:0.27.1"
    "@esbuild/linux-s390x": "npm:0.27.1"
    "@esbuild/linux-x64": "npm:0.27.1"
    "@esbuild/netbsd-arm64": "npm:0.27.1"
    "@esbuild/netbsd-x64": "npm:0.27.1"
    "@esbuild/openbsd-arm64": "npm:0.27.1"
    "@esbuild/openbsd-x64": "npm:0.27.1"
    "@esbuild/openharmony-arm64": "npm:0.27.1"
    "@esbuild/sunos-x64": "npm:0.27.1"
    "@esbuild/win32-arm64": "npm:0.27.1"
    "@esbuild/win32-ia32": "npm:0.27.1"
    "@esbuild/win32-x64": "npm:0.27.1"
  dependenciesMeta:
    "@esbuild/aix-ppc64":
      optional: true
    "@esbuild/android-arm":
      optional: true
    "@esbuild/android-arm64":
      optional: true
    "@esbuild/android-x64":
      optional: true
    "@esbuild/darwin-arm64":
      optional: true
    "@esbuild/darwin-x64":
      optional: true
    "@esbuild/freebsd-arm64":
      optional: true
    "@esbuild/freebsd-x64":
      optional: true
    "@esbuild/linux-arm":
      optional: true
    "@esbuild/linux-arm64":
      optional: true
    "@esbuild/linux-ia32":
      optional: true
    "@esbuild/linux-loong64":
      optional: true
    "@esbuild/linux-mips64el":
      optional: true
    "@esbuild/linux-ppc64":
      optional: true
    "@esbuild/linux-riscv64":
      optional: true
    "@esbuild/linux-s390x":
      optional: true
    "@esbuild/linux-x64":
      optional: true
    "@esbuild/netbsd-arm64":
      optional: true
    "@esbuild/netbsd-x64":
      optional: true
    "@esbuild/openbsd-arm64":
      optional: true
    "@esbuild/openbsd-x64":
      optional: true
    "@esbuild/openharmony-arm64":
      optional: true
    "@esbuild/sunos-x64":
      optional: true
    "@esbuild/win32-arm64":
      optional: true
    "@esbuild/win32-ia32":
      optional: true
    "@esbuild/win32-x64":
      optional: true
  bin:
    esbuild: bin/esbuild
  checksum: 10c0/8bfcf13a499a9e7b7da4b68273e12b453c7d7a5e39c944c2e5a4c64a0594d6df1391fc168a5353c22bc94eeae38dd9897199ddbbc4973525b0aae18186e996bd
  languageName: node
  linkType: hard

"escalade@npm:^3.2.0":
  version: 3.2.0
  resolution: "escalade@npm:3.2.0"
  checksum: 10c0/ced4dd3a78e15897ed3be74e635110bbf3b08877b0a41be50dcb325ee0e0b5f65fc2d50e9845194d7c4633f327e2e1c6cce00a71b617c5673df0374201d67f65
  languageName: node
  linkType: hard

"fraction.js@npm:^5.3.4":
  version: 5.3.4
  resolution: "fraction.js@npm:5.3.4"
  checksum: 10c0/f90079fe9bfc665e0a07079938e8ff71115bce9462f17b32fc283f163b0540ec34dc33df8ed41bb56f028316b04361b9a9995b9ee9258617f8338e0b05c5f95a
  languageName: node
  linkType: hard

"nanoid@npm:^3.3.11":
  version: 3.3.11
  resolution: "nanoid@npm:3.3.11"
  bin:
    nanoid: bin/nanoid.cjs
  checksum: 10c0/40e7f70b3d15f725ca072dfc4f74e81fcf1fbb02e491cf58ac0c79093adc9b0a73b152bcde57df4b79cd097e13023d7504acb38404a4da7bc1cd8e887b82fe0b
  languageName: node
  linkType: hard

"node-releases@npm:^2.0.27":
  version: 2.0.27
  resolution: "node-releases@npm:2.0.27"
  checksum: 10c0/f1e6583b7833ea81880627748d28a3a7ff5703d5409328c216ae57befbced10ce2c991bea86434e8ec39003bd017f70481e2e5f8c1f7e0a7663241f81d6e00e2
  languageName: node
  linkType: hard

"normalize-range@npm:^0.1.2":
  version: 0.1.2
  resolution: "normalize-range@npm:0.1.2"
  checksum: 10c0/bf39b73a63e0a42ad1a48c2bd1bda5a07ede64a7e2567307a407674e595bcff0fa0d57e8e5f1e7fa5e91000797c7615e13613227aaaa4d6d6e87f5bd5cc95de6
  languageName: node
  linkType: hard

"picocolors@npm:^1.1.1":
  version: 1.1.1
  resolution: "picocolors@npm:1.1.1"
  checksum: 10c0/e2e3e8170ab9d7c7421969adaa7e1b31434f789afb9b3f115f6b96d91945041ac3ceb02e9ec6fe6510ff036bcc0bf91e69a1772edc0b707e12b19c0f2d6bcf58
  languageName: node
  linkType: hard

"postcss-value-parser@npm:^4.2.0":
  version: 4.2.0
  resolution: "postcss-value-parser@npm:4.2.0"
  checksum: 10c0/f4142a4f56565f77c1831168e04e3effd9ffcc5aebaf0f538eee4b2d465adfd4b85a44257bb48418202a63806a7da7fe9f56c330aebb3cac898e46b4cbf49161
  languageName: node
  linkType: hard

"postcss@npm:^8.5.6":
  version: 8.5.6
  resolution: "postcss@npm:8.5.6"
  dependencies:
    nanoid: "npm:^3.3.11"
    picocolors: "npm:^1.1.1"
    source-map-js: "npm:^1.2.1"
  checksum: 10c0/5127cc7c91ed7a133a1b7318012d8bfa112da9ef092dddf369ae699a1f10ebbd89b1b9f25f3228795b84585c72aabd5ced5fc11f2ba467eedf7b081a66fad024
  languageName: node
  linkType: hard

"source-map-js@npm:^1.2.1":
  version: 1.2.1
  resolution: "source-map-js@npm:1.2.1"
  checksum: 10c0/7bda1fc4c197e3c6ff17de1b8b2c20e60af81b63a52cb32ec5a5d67a20a7d42651e2cb34ebe93833c5a2a084377e17455854fee3e21e7925c64a51b6a52b0faf
  languageName: node
  linkType: hard

"spark-md5@npm:^3.0.1":
  version: 3.0.2
  resolution: "spark-md5@npm:3.0.2"
  checksum: 10c0/3fd11735eac5e7d60d6006d99ac0a055f148a89e9baf5f0b51ac103022dec30556b44190b37f6737ca50f81e8e50dc13e724f9edf6290c412ff5ab2101ce7780
  languageName: node
  linkType: hard

"tailwindcss@npm:^4.1.17":
  version: 4.1.17
  resolution: "tailwindcss@npm:4.1.17"
  checksum: 10c0/1fecf618ba9895e068e5a6d842b978f56a815bc849a28338cebbcb07b13df763715c2f8848def938403c73d59f08ffff33a4b83a977a9e38fa56adc60d1d56c8
  languageName: node
  linkType: hard

"update-browserslist-db@npm:^1.2.0, update-browserslist-db@npm:^1.2.2":
  version: 1.2.2
  resolution: "update-browserslist-db@npm:1.2.2"
  dependencies:
    escalade: "npm:^3.2.0"
    picocolors: "npm:^1.1.1"
  peerDependencies:
    browserslist: ">= 4.21.0"
  bin:
    update-browserslist-db: cli.js
  checksum: 10c0/39c3ea08b397ffc8dc3a1c517f5c6ed5cc4179b5e185383dab9bf745879623c12062a2e6bf4f9427cc59389c7bfa0010e86858b923c1e349e32fdddd9b043bb2
  languageName: node
  linkType: hard
